
Microsoft Visual Studio Solution File, Format Version 12.00
# Visual Studio Version 17
VisualStudioVersion = 17.12.35506.116
MinimumVisualStudioVersion = 10.0.40219.1
Project("{FAE04EC0-301F-11D3-BF4B-00C04F79EFBC}") = "NumberToWordsAPI", "src\NumberToWordsAPI\NumberToWordsAPI.csproj", "{4D503145-7F22-46A6-BB85-D70399D54822}"
EndProject
Project("{FAE04EC0-301F-11D3-BF4B-00C04F79EFBC}") = "NumberToWordsTest", "src\NumberToWordsTest\NumberToWordsTest.csproj", "{1DD5F5CD-8734-4390-AE85-E0C190F1A28C}"
EndProject
Project("{54A90642-561A-4BB1-A94E-469ADEE60C69}") = "AngularUI", "src\AngularUI\AngularUI.esproj", "{F79682DE-088E-46DE-83F4-DD7517918367}"
EndProject
Global
	GlobalSection(SolutionConfigurationPlatforms) = preSolution
		Debug|Any CPU = Debug|Any CPU
		Release|Any CPU = Release|Any CPU
	EndGlobalSection
	GlobalSection(ProjectConfigurationPlatforms) = postSolution
		{4D503145-7F22-46A6-BB85-D70399D54822}.Debug|Any CPU.ActiveCfg = Debug|Any CPU
		{4D503145-7F22-46A6-BB85-D70399D54822}.Debug|Any CPU.Build.0 = Debug|Any CPU
		{4D503145-7F22-46A6-BB85-D70399D54822}.Release|Any CPU.ActiveCfg = Release|Any CPU
		{4D503145-7F22-46A6-BB85-D70399D54822}.Release|Any CPU.Build.0 = Release|Any CPU
		{1DD5F5CD-8734-4390-AE85-E0C190F1A28C}.Debug|Any CPU.ActiveCfg = Debug|Any CPU
		{1DD5F5CD-8734-4390-AE85-E0C190F1A28C}.Debug|Any CPU.Build.0 = Debug|Any CPU
		{1DD5F5CD-8734-4390-AE85-E0C190F1A28C}.Release|Any CPU.ActiveCfg = Release|Any CPU
		{1DD5F5CD-8734-4390-AE85-E0C190F1A28C}.Release|Any CPU.Build.0 = Release|Any CPU
		{F79682DE-088E-46DE-83F4-DD7517918367}.Debug|Any CPU.ActiveCfg = Debug|Any CPU
		{F79682DE-088E-46DE-83F4-DD7517918367}.Debug|Any CPU.Build.0 = Debug|Any CPU
		{F79682DE-088E-46DE-83F4-DD7517918367}.Debug|Any CPU.Deploy.0 = Debug|Any CPU
		{F79682DE-088E-46DE-83F4-DD7517918367}.Release|Any CPU.ActiveCfg = Release|Any CPU
		{F79682DE-088E-46DE-83F4-DD7517918367}.Release|Any CPU.Build.0 = Release|Any CPU
		{F79682DE-088E-46DE-83F4-DD7517918367}.Release|Any CPU.Deploy.0 = Release|Any CPU
	EndGlobalSection
	GlobalSection(SolutionProperties) = preSolution
		HideSolutionNode = FALSE
	EndGlobalSection
EndGlobal
